
Microsoft Visual Studio Solution File, Format Version 12.00
# Visual Studio Version 16
VisualStudioVersion = 16.0.31515.178
MinimumVisualStudioVersion = 10.0.40219.1
Project("{FAE04EC0-301F-11D3-BF4B-00C04F79EFBC}") = "MultiLevelInheritance_ManagementSystem", "MultiLevelInheritance_ManagementSystem\MultiLevelInheritance_ManagementSystem.csproj", "{1CE66CA4-C13D-4E0F-81D4-0B3726E6B2A7}"
EndProject
Global
	GlobalSection(SolutionConfigurationPlatforms) = preSolution
		Debug|Any CPU = Debug|Any CPU
		Release|Any CPU = Release|Any CPU
	EndGlobalSection
	GlobalSection(ProjectConfigurationPlatforms) = postSolution
		{1CE66CA4-C13D-4E0F-81D4-0B3726E6B2A7}.Debug|Any CPU.ActiveCfg = Debug|Any CPU
		{1CE66CA4-C13D-4E0F-81D4-0B3726E6B2A7}.Debug|Any CPU.Build.0 = Debug|Any CPU
		{1CE66CA4-C13D-4E0F-81D4-0B3726E6B2A7}.Release|Any CPU.ActiveCfg = Release|Any CPU
		{1CE66CA4-C13D-4E0F-81D4-0B3726E6B2A7}.Release|Any CPU.Build.0 = Release|Any CPU
	EndGlobalSection
	GlobalSection(SolutionProperties) = preSolution
		HideSolutionNode = FALSE
	EndGlobalSection
	GlobalSection(ExtensibilityGlobals) = postSolution
		SolutionGuid = {A9E1F49D-E1CC-47D2-8FFA-313397E2840F}
	EndGlobalSection
EndGlobal
