
Microsoft Visual Studio Solution File, Format Version 12.00
# Visual Studio Version 16
VisualStudioVersion = 16.0.31515.178
MinimumVisualStudioVersion = 10.0.40219.1
Project("{FAE04EC0-301F-11D3-BF4B-00C04F79EFBC}") = "OtelFinder", "OtelFinder\OtelFinder.csproj", "{265AF615-B7BD-40AC-9532-77013D713CF5}"
EndProject
Global
	GlobalSection(SolutionConfigurationPlatforms) = preSolution
		Debug|Any CPU = Debug|Any CPU
		Release|Any CPU = Release|Any CPU
	EndGlobalSection
	GlobalSection(ProjectConfigurationPlatforms) = postSolution
		{265AF615-B7BD-40AC-9532-77013D713CF5}.Debug|Any CPU.ActiveCfg = Debug|Any CPU
		{265AF615-B7BD-40AC-9532-77013D713CF5}.Debug|Any CPU.Build.0 = Debug|Any CPU
		{265AF615-B7BD-40AC-9532-77013D713CF5}.Release|Any CPU.ActiveCfg = Release|Any CPU
		{265AF615-B7BD-40AC-9532-77013D713CF5}.Release|Any CPU.Build.0 = Release|Any CPU
	EndGlobalSection
	GlobalSection(SolutionProperties) = preSolution
		HideSolutionNode = FALSE
	EndGlobalSection
	GlobalSection(ExtensibilityGlobals) = postSolution
		SolutionGuid = {B9688346-7FC7-43E2-B88C-A68CD8D6C869}
	EndGlobalSection
EndGlobal
