
Microsoft Visual Studio Solution File, Format Version 12.00
# Visual Studio Version 16
VisualStudioVersion = 16.0.28803.202
MinimumVisualStudioVersion = 10.0.40219.1
Project("{FAE04EC0-301F-11D3-BF4B-00C04F79EFBC}") = "Custom_Exception", "Custom_Exception\Custom_Exception.csproj", "{919B083E-6375-4FE9-B384-0D096A11773F}"
EndProject
Global
	GlobalSection(SolutionConfigurationPlatforms) = preSolution
		Debug|Any CPU = Debug|Any CPU
		Release|Any CPU = Release|Any CPU
	EndGlobalSection
	GlobalSection(ProjectConfigurationPlatforms) = postSolution
		{919B083E-6375-4FE9-B384-0D096A11773F}.Debug|Any CPU.ActiveCfg = Debug|Any CPU
		{919B083E-6375-4FE9-B384-0D096A11773F}.Debug|Any CPU.Build.0 = Debug|Any CPU
		{919B083E-6375-4FE9-B384-0D096A11773F}.Release|Any CPU.ActiveCfg = Release|Any CPU
		{919B083E-6375-4FE9-B384-0D096A11773F}.Release|Any CPU.Build.0 = Release|Any CPU
	EndGlobalSection
	GlobalSection(SolutionProperties) = preSolution
		HideSolutionNode = FALSE
	EndGlobalSection
	GlobalSection(ExtensibilityGlobals) = postSolution
		SolutionGuid = {FE0EF228-5DE7-4ADC-9502-A27571FB7BC3}
	EndGlobalSection
EndGlobal
