
Microsoft Visual Studio Solution File, Format Version 12.00
# Visual Studio Version 16
VisualStudioVersion = 16.0.31515.178
MinimumVisualStudioVersion = 10.0.40219.1
Project("{FAE04EC0-301F-11D3-BF4B-00C04F79EFBC}") = "PayBill_Example", "PayBill_Example\PayBill_Example.csproj", "{CE18A55A-BEAE-42C9-871B-75A48CF07EBA}"
EndProject
Global
	GlobalSection(SolutionConfigurationPlatforms) = preSolution
		Debug|Any CPU = Debug|Any CPU
		Release|Any CPU = Release|Any CPU
	EndGlobalSection
	GlobalSection(ProjectConfigurationPlatforms) = postSolution
		{CE18A55A-BEAE-42C9-871B-75A48CF07EBA}.Debug|Any CPU.ActiveCfg = Debug|Any CPU
		{CE18A55A-BEAE-42C9-871B-75A48CF07EBA}.Debug|Any CPU.Build.0 = Debug|Any CPU
		{CE18A55A-BEAE-42C9-871B-75A48CF07EBA}.Release|Any CPU.ActiveCfg = Release|Any CPU
		{CE18A55A-BEAE-42C9-871B-75A48CF07EBA}.Release|Any CPU.Build.0 = Release|Any CPU
	EndGlobalSection
	GlobalSection(SolutionProperties) = preSolution
		HideSolutionNode = FALSE
	EndGlobalSection
	GlobalSection(ExtensibilityGlobals) = postSolution
		SolutionGuid = {2098A783-09DA-4BE3-BE81-726D007CE3A6}
	EndGlobalSection
EndGlobal
