
Microsoft Visual Studio Solution File, Format Version 12.00
# Visual Studio Version 16
VisualStudioVersion = 16.0.31515.178
MinimumVisualStudioVersion = 10.0.40219.1
Project("{FAE04EC0-301F-11D3-BF4B-00C04F79EFBC}") = "Constructor_Implementaton", "Constructor_Implementaton\Constructor_Implementaton.csproj", "{E314E2A6-EA12-43F1-BDBB-CEC4B5779F52}"
EndProject
Global
	GlobalSection(SolutionConfigurationPlatforms) = preSolution
		Debug|Any CPU = Debug|Any CPU
		Release|Any CPU = Release|Any CPU
	EndGlobalSection
	GlobalSection(ProjectConfigurationPlatforms) = postSolution
		{E314E2A6-EA12-43F1-BDBB-CEC4B5779F52}.Debug|Any CPU.ActiveCfg = Debug|Any CPU
		{E314E2A6-EA12-43F1-BDBB-CEC4B5779F52}.Debug|Any CPU.Build.0 = Debug|Any CPU
		{E314E2A6-EA12-43F1-BDBB-CEC4B5779F52}.Release|Any CPU.ActiveCfg = Release|Any CPU
		{E314E2A6-EA12-43F1-BDBB-CEC4B5779F52}.Release|Any CPU.Build.0 = Release|Any CPU
	EndGlobalSection
	GlobalSection(SolutionProperties) = preSolution
		HideSolutionNode = FALSE
	EndGlobalSection
	GlobalSection(ExtensibilityGlobals) = postSolution
		SolutionGuid = {CAC35827-0C0A-4B54-9250-84863576685D}
	EndGlobalSection
EndGlobal
